
Microsoft Visual Studio Solution File, Format Version 11.00
# Visual Studio 2010
Project("{8BC9CEB8-8B4A-11D0-8D11-00A0C91BC942}") = "cudaQt-reference-project", "cudaQt-reference-project.vcxproj", "{9944BD26-9D22-439C-95B9-3F60933C8934}"
EndProject
Global
	GlobalSection(SolutionConfigurationPlatforms) = preSolution
		Debug|Win32 = Debug|Win32
		Release|Win32 = Release|Win32
	EndGlobalSection
	GlobalSection(ProjectConfigurationPlatforms) = postSolution
		{9944BD26-9D22-439C-95B9-3F60933C8934}.Debug|Win32.ActiveCfg = Debug|Win32
		{9944BD26-9D22-439C-95B9-3F60933C8934}.Debug|Win32.Build.0 = Debug|Win32
		{9944BD26-9D22-439C-95B9-3F60933C8934}.Release|Win32.ActiveCfg = Release|Win32
		{9944BD26-9D22-439C-95B9-3F60933C8934}.Release|Win32.Build.0 = Release|Win32
	EndGlobalSection
	GlobalSection(SolutionProperties) = preSolution
		HideSolutionNode = FALSE
	EndGlobalSection
EndGlobal
